
Microsoft Visual Studio Solution File, Format Version 12.00
# Visual Studio 2012
Project("{FAE04EC0-301F-11D3-BF4B-00C04F79EFBC}") = "bgx_caw_backend", "bgx_caw_backend\bgx_caw_backend.csproj", "{43C89FE3-8854-4BDD-AD6C-70E6336FCD94}"
EndProject
Global
	GlobalSection(SolutionConfigurationPlatforms) = preSolution
		Debug|Any CPU = Debug|Any CPU
		Release|Any CPU = Release|Any CPU
	EndGlobalSection
	GlobalSection(ProjectConfigurationPlatforms) = postSolution
		{43C89FE3-8854-4BDD-AD6C-70E6336FCD94}.Debug|Any CPU.ActiveCfg = Debug|Any CPU
		{43C89FE3-8854-4BDD-AD6C-70E6336FCD94}.Debug|Any CPU.Build.0 = Debug|Any CPU
		{43C89FE3-8854-4BDD-AD6C-70E6336FCD94}.Release|Any CPU.ActiveCfg = Release|Any CPU
		{43C89FE3-8854-4BDD-AD6C-70E6336FCD94}.Release|Any CPU.Build.0 = Release|Any CPU
	EndGlobalSection
	GlobalSection(SolutionProperties) = preSolution
		HideSolutionNode = FALSE
	EndGlobalSection
EndGlobal
